
Microsoft Visual Studio Solution File, Format Version 12.00
# Visual Studio Version 16
VisualStudioVersion = 16.0.30621.155
MinimumVisualStudioVersion = 10.0.40219.1
Project("{FAE04EC0-301F-11D3-BF4B-00C04F79EFBC}") = "Week1Challenge", "Week1Challenge\Week1Challenge.csproj", "{A84EDAD4-0FB9-4A31-97A4-AD64C6954C38}"
EndProject
Global
	GlobalSection(SolutionConfigurationPlatforms) = preSolution
		Debug|Any CPU = Debug|Any CPU
		Release|Any CPU = Release|Any CPU
	EndGlobalSection
	GlobalSection(ProjectConfigurationPlatforms) = postSolution
		{A84EDAD4-0FB9-4A31-97A4-AD64C6954C38}.Debug|Any CPU.ActiveCfg = Debug|Any CPU
		{A84EDAD4-0FB9-4A31-97A4-AD64C6954C38}.Debug|Any CPU.Build.0 = Debug|Any CPU
		{A84EDAD4-0FB9-4A31-97A4-AD64C6954C38}.Release|Any CPU.ActiveCfg = Release|Any CPU
		{A84EDAD4-0FB9-4A31-97A4-AD64C6954C38}.Release|Any CPU.Build.0 = Release|Any CPU
	EndGlobalSection
	GlobalSection(SolutionProperties) = preSolution
		HideSolutionNode = FALSE
	EndGlobalSection
	GlobalSection(ExtensibilityGlobals) = postSolution
		SolutionGuid = {0B16ACCE-6DAC-4D34-B984-0B8F7EA4391A}
	EndGlobalSection
EndGlobal
